
Microsoft Visual Studio Solution File, Format Version 12.00
# Visual Studio Version 17
VisualStudioVersion = 17.9.34310.174
MinimumVisualStudioVersion = 10.0.40219.1
Project("{9A19103F-16F7-4668-BE54-9A1E7A4F7556}") = "DictionaryUsage", "DictionaryUsage\DictionaryUsage.csproj", "{84F60230-B61E-4508-A559-359F0E07944E}"
EndProject
Project("{9A19103F-16F7-4668-BE54-9A1E7A4F7556}") = "EFUsage", "EFUsage\EFUsage.csproj", "{35110E02-3D56-49DE-BC39-A9BCF12779FA}"
EndProject
Project("{9A19103F-16F7-4668-BE54-9A1E7A4F7556}") = "ExampleApi", "ExampleApi\ExampleApi.csproj", "{C90B293C-CE22-48B3-BCF0-B7384B207FA6}"
EndProject
Global
	GlobalSection(SolutionConfigurationPlatforms) = preSolution
		Debug|Any CPU = Debug|Any CPU
		Release|Any CPU = Release|Any CPU
	EndGlobalSection
	GlobalSection(ProjectConfigurationPlatforms) = postSolution
		{84F60230-B61E-4508-A559-359F0E07944E}.Debug|Any CPU.ActiveCfg = Debug|Any CPU
		{84F60230-B61E-4508-A559-359F0E07944E}.Debug|Any CPU.Build.0 = Debug|Any CPU
		{84F60230-B61E-4508-A559-359F0E07944E}.Release|Any CPU.ActiveCfg = Release|Any CPU
		{84F60230-B61E-4508-A559-359F0E07944E}.Release|Any CPU.Build.0 = Release|Any CPU
		{35110E02-3D56-49DE-BC39-A9BCF12779FA}.Debug|Any CPU.ActiveCfg = Debug|Any CPU
		{35110E02-3D56-49DE-BC39-A9BCF12779FA}.Debug|Any CPU.Build.0 = Debug|Any CPU
		{35110E02-3D56-49DE-BC39-A9BCF12779FA}.Release|Any CPU.ActiveCfg = Release|Any CPU
		{35110E02-3D56-49DE-BC39-A9BCF12779FA}.Release|Any CPU.Build.0 = Release|Any CPU
		{C90B293C-CE22-48B3-BCF0-B7384B207FA6}.Debug|Any CPU.ActiveCfg = Debug|Any CPU
		{C90B293C-CE22-48B3-BCF0-B7384B207FA6}.Debug|Any CPU.Build.0 = Debug|Any CPU
		{C90B293C-CE22-48B3-BCF0-B7384B207FA6}.Release|Any CPU.ActiveCfg = Release|Any CPU
		{C90B293C-CE22-48B3-BCF0-B7384B207FA6}.Release|Any CPU.Build.0 = Release|Any CPU
	EndGlobalSection
	GlobalSection(SolutionProperties) = preSolution
		HideSolutionNode = FALSE
	EndGlobalSection
	GlobalSection(ExtensibilityGlobals) = postSolution
		SolutionGuid = {4779A4E7-32DA-4973-BBC1-2E991E31FBAF}
	EndGlobalSection
EndGlobal
